
Microsoft Visual Studio Solution File, Format Version 12.00
# Visual Studio Version 17
VisualStudioVersion = 17.13.35825.156
MinimumVisualStudioVersion = 10.0.40219.1
Project("{FAE04EC0-301F-11D3-BF4B-00C04F79EFBC}") = "FirstInteract", "FirstInteract\FirstInteract.csproj", "{923F3089-311A-D576-CBA5-B2DFBE92426D}"
EndProject
Project("{FAE04EC0-301F-11D3-BF4B-00C04F79EFBC}") = "Otus.ToDoList.ConsoleBot", "Otus.ToDoList.ConsoleBot\Otus.ToDoList.ConsoleBot.csproj", "{9DF96A2E-62CF-114B-017D-7CD1FE7D7223}"
EndProject
Global
	GlobalSection(SolutionConfigurationPlatforms) = preSolution
		Debug|Any CPU = Debug|Any CPU
		Release|Any CPU = Release|Any CPU
	EndGlobalSection
	GlobalSection(ProjectConfigurationPlatforms) = postSolution
		{923F3089-311A-D576-CBA5-B2DFBE92426D}.Debug|Any CPU.ActiveCfg = Debug|Any CPU
		{923F3089-311A-D576-CBA5-B2DFBE92426D}.Debug|Any CPU.Build.0 = Debug|Any CPU
		{923F3089-311A-D576-CBA5-B2DFBE92426D}.Release|Any CPU.ActiveCfg = Release|Any CPU
		{923F3089-311A-D576-CBA5-B2DFBE92426D}.Release|Any CPU.Build.0 = Release|Any CPU
		{9DF96A2E-62CF-114B-017D-7CD1FE7D7223}.Debug|Any CPU.ActiveCfg = Debug|Any CPU
		{9DF96A2E-62CF-114B-017D-7CD1FE7D7223}.Debug|Any CPU.Build.0 = Debug|Any CPU
		{9DF96A2E-62CF-114B-017D-7CD1FE7D7223}.Release|Any CPU.ActiveCfg = Release|Any CPU
		{9DF96A2E-62CF-114B-017D-7CD1FE7D7223}.Release|Any CPU.Build.0 = Release|Any CPU
	EndGlobalSection
	GlobalSection(SolutionProperties) = preSolution
		HideSolutionNode = FALSE
	EndGlobalSection
	GlobalSection(ExtensibilityGlobals) = postSolution
		SolutionGuid = {2576339F-68CD-43DF-B1CF-96179C9DF8DD}
	EndGlobalSection
EndGlobal
